<?xml version="1.0" encoding="utf-8"?>
<Project ToolsVersion="4.0" xmlns="http://schemas.microsoft.com/developer/msbuild/2003">
  <ItemGroup>
    <Filter Include="Source Files">
      <UniqueIdentifier>{93ee343f-f94a-4271-a7ba-0508175ded18}</UniqueIdentifier>
      <Extensions>cpp;c;cxx;rc;def;r;odl;idl;hpj;bat</Extensions>
    </Filter>
    <Filter Include="Header Files">
      <UniqueIdentifier>{7c3baf0c-c51a-45e5-ab99-25c1ee56bd5c}</UniqueIdentifier>
      <Extensions>h;hpp;hxx;hm;inl</Extensions>
    </Filter>
    <Filter Include="Resource Files">
      <UniqueIdentifier>{2d5d184d-0ae5-43c9-a1c7-bdcbd2f20179}</UniqueIdentifier>
      <Extensions>ico;cur;bmp;dlg;rc2;rct;bin;rgs;gif;jpg;jpeg;jpe</Extensions>
    </Filter>
    <Filter Include="SuperTagEditor">
      <UniqueIdentifier>{519f8a3f-5588-48f5-9048-f8973b00c00e}</UniqueIdentifier>
    </Filter>
    <Filter Include="SuperTagEditor\INI">
      <UniqueIdentifier>{cb3ae126-5a07-4c73-a211-b6b9fac2c230}</UniqueIdentifier>
    </Filter>
  </ItemGroup>
  <ItemGroup>
    <ClCompile Include="DlgSetup.cpp">
      <Filter>Source Files</Filter>
    </ClCompile>
    <ClCompile Include="FileFLAC.cpp">
      <Filter>Source Files</Filter>
    </ClCompile>
    <ClCompile Include="STEP_fla.cpp">
      <Filter>Source Files</Filter>
    </ClCompile>
    <ClCompile Include="..\STEP_SDK\STEPlugin.cpp">
      <Filter>Source Files</Filter>
    </ClCompile>
    <ClCompile Include="stdafx.cpp">
      <Filter>Source Files</Filter>
    </ClCompile>
    <ClCompile Include="..\SuperTagEditor\strcnv.cpp">
      <Filter>SuperTagEditor</Filter>
    </ClCompile>
    <ClCompile Include="..\SuperTagEditor\INI\ini.cpp">
      <Filter>SuperTagEditor\INI</Filter>
    </ClCompile>
  </ItemGroup>
  <ItemGroup>
    <None Include="STEP_fla.def">
      <Filter>Source Files</Filter>
    </None>
    <None Include="res\STEP_fla.rc2">
      <Filter>Resource Files</Filter>
    </None>
  </ItemGroup>
  <ItemGroup>
    <ResourceCompile Include="STEP_fla.rc">
      <Filter>Source Files</Filter>
    </ResourceCompile>
  </ItemGroup>
  <ItemGroup>
    <ClInclude Include="DlgSetup.h">
      <Filter>Header Files</Filter>
    </ClInclude>
    <ClInclude Include="FileFLAC.h">
      <Filter>Header Files</Filter>
    </ClInclude>
    <ClInclude Include="Resource.h">
      <Filter>Header Files</Filter>
    </ClInclude>
    <ClInclude Include="..\STEP_SDK\STEP_api.h">
      <Filter>Header Files</Filter>
    </ClInclude>
    <ClInclude Include="STEP_fla.h">
      <Filter>Header Files</Filter>
    </ClInclude>
    <ClInclude Include="..\STEP_SDK\STEPlugin.h">
      <Filter>Header Files</Filter>
    </ClInclude>
    <ClInclude Include="stdafx.h">
      <Filter>Header Files</Filter>
    </ClInclude>
    <ClInclude Include="targetver.h">
      <Filter>Header Files</Filter>
    </ClInclude>
    <ClInclude Include="..\SuperTagEditor\strcnv.h">
      <Filter>SuperTagEditor</Filter>
    </ClInclude>
    <ClInclude Include="..\SuperTagEditor\INI\ini.h">
      <Filter>SuperTagEditor\INI</Filter>
    </ClInclude>
  </ItemGroup>
  <ItemGroup>
    <Image Include="bitmap_w-24.bmp">
      <Filter>Resource Files</Filter>
    </Image>
  </ItemGroup>
  <ItemGroup>
    <Text Include="ReadMe.txt" />
    <Text Include="STEP_fla_memo.txt" />
  </ItemGroup>
</Project>