<?xml version="1.0" encoding="utf-8"?>
<Project ToolsVersion="4.0" xmlns="http://schemas.microsoft.com/developer/msbuild/2003">
  <ItemGroup>
    <Filter Include="Source Files">
      <UniqueIdentifier>{7a7aebfa-7973-4288-9fcc-d344c5d244e9}</UniqueIdentifier>
      <Extensions>cpp;c;cxx;rc;def;r;odl;idl;hpj;bat</Extensions>
    </Filter>
    <Filter Include="Header Files">
      <UniqueIdentifier>{77590a21-87e5-4a1d-9979-964048b7e7c9}</UniqueIdentifier>
      <Extensions>h;hpp;hxx;hm;inl</Extensions>
    </Filter>
    <Filter Include="Resource Files">
      <UniqueIdentifier>{26b38b4d-988b-418a-920b-533c4b23778a}</UniqueIdentifier>
      <Extensions>ico;cur;bmp;dlg;rc2;rct;bin;rgs;gif;jpg;jpeg;jpe</Extensions>
    </Filter>
    <Filter Include="mp3infp">
      <UniqueIdentifier>{15d5a528-c4da-4508-802b-e25e8a26e16f}</UniqueIdentifier>
    </Filter>
    <Filter Include="SuperTagEditor">
      <UniqueIdentifier>{ab9acd0b-e3ac-436d-b775-9c080e55553b}</UniqueIdentifier>
    </Filter>
    <Filter Include="SuperTagEditor\INI">
      <UniqueIdentifier>{4c01becf-2dac-4c76-af87-ae1adfcf6c75}</UniqueIdentifier>
    </Filter>
  </ItemGroup>
  <ItemGroup>
    <ClCompile Include="DlgConvID3v2Version.cpp">
      <Filter>Source Files</Filter>
    </ClCompile>
    <ClCompile Include="DlgDefaultValue.cpp">
      <Filter>Source Files</Filter>
    </ClCompile>
    <ClCompile Include="DlgFileRmpID3v2.cpp">
      <Filter>Source Files</Filter>
    </ClCompile>
    <ClCompile Include="STEP_mp3.cpp">
      <Filter>Source Files</Filter>
    </ClCompile>
    <ClCompile Include="STEP_mp3_ConvFormat.cpp">
      <Filter>Source Files</Filter>
    </ClCompile>
    <ClCompile Include="..\STEP_SDK\STEPlugin.cpp">
      <Filter>Source Files</Filter>
    </ClCompile>
    <ClCompile Include="Mp3Info.cpp">
      <Filter>Source Files</Filter>
    </ClCompile>
    <ClCompile Include="..\mp3infp\GlobalCommand.cpp">
      <Filter>mp3infp</Filter>
    </ClCompile>
    <ClCompile Include="..\mp3infp\Id3tagv1.cpp">
      <Filter>mp3infp</Filter>
    </ClCompile>
    <ClCompile Include="..\mp3infp\Id3tagv2.cpp">
      <Filter>mp3infp</Filter>
    </ClCompile>
    <ClCompile Include="..\mp3infp\RMP.cpp">
      <Filter>mp3infp</Filter>
    </ClCompile>
    <ClCompile Include="stdafx.cpp">
      <Filter>Source Files</Filter>
    </ClCompile>
    <ClCompile Include="..\SuperTagEditor\INI\ini.cpp">
      <Filter>SuperTagEditor\INI</Filter>
    </ClCompile>
    <ClCompile Include="..\SuperTagEditor\strcnv.cpp">
      <Filter>SuperTagEditor</Filter>
    </ClCompile>
  </ItemGroup>
  <ItemGroup>
    <None Include="STEP_mp3.def">
      <Filter>Source Files</Filter>
    </None>
    <None Include="res\STEP_mp3.rc2">
      <Filter>Resource Files</Filter>
    </None>
  </ItemGroup>
  <ItemGroup>
    <ResourceCompile Include="STEP_mp3.rc">
      <Filter>Source Files</Filter>
    </ResourceCompile>
  </ItemGroup>
  <ItemGroup>
    <ClInclude Include="ID3v2\classID.h">
      <Filter>Header Files</Filter>
    </ClInclude>
    <ClInclude Include="DlgConvID3v2Version.h">
      <Filter>Header Files</Filter>
    </ClInclude>
    <ClInclude Include="DlgDefaultValue.h">
      <Filter>Header Files</Filter>
    </ClInclude>
    <ClInclude Include="DlgFileRmpID3v2.h">
      <Filter>Header Files</Filter>
    </ClInclude>
    <ClInclude Include="ID3v2\GlobalCommand.h">
      <Filter>Header Files</Filter>
    </ClInclude>
    <ClInclude Include="mp3infp_ExportFunc.h">
      <Filter>Header Files</Filter>
    </ClInclude>
    <ClInclude Include="Resource.h">
      <Filter>Header Files</Filter>
    </ClInclude>
    <ClInclude Include="ID3v2\RMP.h">
      <Filter>Header Files</Filter>
    </ClInclude>
    <ClInclude Include="STEP_mp3.h">
      <Filter>Header Files</Filter>
    </ClInclude>
    <ClInclude Include="STEP_mp3_ConvFormat.h">
      <Filter>Header Files</Filter>
    </ClInclude>
    <ClInclude Include="RMP.h">
      <Filter>Header Files</Filter>
    </ClInclude>
    <ClInclude Include="Mp3Info.h">
      <Filter>Header Files</Filter>
    </ClInclude>
    <ClInclude Include="..\mp3infp\GlobalCommand.h">
      <Filter>mp3infp</Filter>
    </ClInclude>
    <ClInclude Include="..\mp3infp\Id3tagv1.h">
      <Filter>mp3infp</Filter>
    </ClInclude>
    <ClInclude Include="..\mp3infp\Id3tagv2.h">
      <Filter>mp3infp</Filter>
    </ClInclude>
    <ClInclude Include="..\mp3infp\RMP.h">
      <Filter>mp3infp</Filter>
    </ClInclude>
    <ClInclude Include="targetver.h">
      <Filter>Header Files</Filter>
    </ClInclude>
    <ClInclude Include="stdafx.h">
      <Filter>Header Files</Filter>
    </ClInclude>
    <ClInclude Include="..\SuperTagEditor\INI\ini.h">
      <Filter>SuperTagEditor\INI</Filter>
    </ClInclude>
    <ClInclude Include="..\SuperTagEditor\strcnv.h">
      <Filter>SuperTagEditor</Filter>
    </ClInclude>
  </ItemGroup>
  <ItemGroup>
    <Image Include="bitmap1-24.bmp">
      <Filter>Resource Files</Filter>
    </Image>
    <Image Include="bmp00001-24.bmp">
      <Filter>Resource Files</Filter>
    </Image>
    <Image Include="bmp00002-24.bmp">
      <Filter>Resource Files</Filter>
    </Image>
    <Image Include="bmp00003-24.bmp">
      <Filter>Resource Files</Filter>
    </Image>
    <Image Include="bmp00004-24.bmp">
      <Filter>Resource Files</Filter>
    </Image>
    <Image Include="bmp00005-24.bmp">
      <Filter>Resource Files</Filter>
    </Image>
    <Image Include="file_con-24.bmp">
      <Filter>Resource Files</Filter>
    </Image>
  </ItemGroup>
  <ItemGroup>
    <Text Include="STEP_mp3_memo.txt" />
  </ItemGroup>
</Project>